
Microsoft Visual Studio Solution File, Format Version 12.00
# Visual Studio Version 16
VisualStudioVersion = 16.0.30204.135
MinimumVisualStudioVersion = 10.0.40219.1
Project("{9A19103F-16F7-4668-BE54-9A1E7A4F7556}") = "Data", "Data\Data.csproj", "{680BB8A0-5CDA-4B9B-B5F4-51E78EB7F329}"
EndProject
Project("{9A19103F-16F7-4668-BE54-9A1E7A4F7556}") = "ManagerWeb", "ManagerWeb\ManagerWeb.csproj", "{96D25EF8-05E5-4A26-8FB2-5E1F28E9B5F2}"
EndProject
Project("{9A19103F-16F7-4668-BE54-9A1E7A4F7556}") = "BudgetManager.FinanceDataMining", "InvestmentIntegrationApi\BudgetManager.FinanceDataMining.csproj", "{3AF953B7-222B-4A6F-AF49-C87050124EBC}"
EndProject
Project("{9A19103F-16F7-4668-BE54-9A1E7A4F7556}") = "Repository", "Repositories\Repository.csproj", "{52367DF5-EBC0-4CE2-A52D-4F65A9AA1DDA}"
EndProject
Project("{9A19103F-16F7-4668-BE54-9A1E7A4F7556}") = "TestingConsole", "TestingConsole\TestingConsole.csproj", "{D3FB65CE-E760-493D-804C-C7735E41424F}"
EndProject
Project("{9A19103F-16F7-4668-BE54-9A1E7A4F7556}") = "FinancialDataProvider", "FinancialDataProvider\FinancialDataProvider.csproj", "{943EC85F-4669-4452-AEAD-53FF786E629F}"
EndProject
Project("{9A19103F-16F7-4668-BE54-9A1E7A4F7556}") = "InfluxDbData", "InfluxDbData\InfluxDbData.csproj", "{CF38C15D-89B8-48C6-9028-18A332B37A1B}"
EndProject
Project("{2150E333-8FDC-42A3-9474-1A3956D46DE8}") = "Db", "Db", "{766BF606-B5CB-4D86-9A46-497F8B2CCE22}"
EndProject
Project("{2150E333-8FDC-42A3-9474-1A3956D46DE8}") = "WebApi", "WebApi", "{E74A8A66-07C0-444E-91DA-04A2CA077430}"
EndProject
Project("{888888A0-9F3D-457C-B088-3A5042F75D52}") = "WebScrapers", "WebScrapers\WebScrapers.pyproj", "{4FCAB9C9-7727-450B-AB5B-C9AEA2BEC023}"
EndProject
Project("{9A19103F-16F7-4668-BE54-9A1E7A4F7556}") = "BudgetManager.Core", "BudgetManager.Core\BudgetManager.Core.csproj", "{E0C43364-8446-47D2-A887-5267891106CE}"
EndProject
Global
	GlobalSection(SolutionConfigurationPlatforms) = preSolution
		Debug|Any CPU = Debug|Any CPU
		Release|Any CPU = Release|Any CPU
	EndGlobalSection
	GlobalSection(ProjectConfigurationPlatforms) = postSolution
		{680BB8A0-5CDA-4B9B-B5F4-51E78EB7F329}.Debug|Any CPU.ActiveCfg = Debug|Any CPU
		{680BB8A0-5CDA-4B9B-B5F4-51E78EB7F329}.Debug|Any CPU.Build.0 = Debug|Any CPU
		{680BB8A0-5CDA-4B9B-B5F4-51E78EB7F329}.Release|Any CPU.ActiveCfg = Release|Any CPU
		{680BB8A0-5CDA-4B9B-B5F4-51E78EB7F329}.Release|Any CPU.Build.0 = Release|Any CPU
		{96D25EF8-05E5-4A26-8FB2-5E1F28E9B5F2}.Debug|Any CPU.ActiveCfg = Debug|Any CPU
		{96D25EF8-05E5-4A26-8FB2-5E1F28E9B5F2}.Debug|Any CPU.Build.0 = Debug|Any CPU
		{96D25EF8-05E5-4A26-8FB2-5E1F28E9B5F2}.Release|Any CPU.ActiveCfg = Release|Any CPU
		{96D25EF8-05E5-4A26-8FB2-5E1F28E9B5F2}.Release|Any CPU.Build.0 = Release|Any CPU
		{3AF953B7-222B-4A6F-AF49-C87050124EBC}.Debug|Any CPU.ActiveCfg = Debug|Any CPU
		{3AF953B7-222B-4A6F-AF49-C87050124EBC}.Debug|Any CPU.Build.0 = Debug|Any CPU
		{3AF953B7-222B-4A6F-AF49-C87050124EBC}.Release|Any CPU.ActiveCfg = Release|Any CPU
		{3AF953B7-222B-4A6F-AF49-C87050124EBC}.Release|Any CPU.Build.0 = Release|Any CPU
		{52367DF5-EBC0-4CE2-A52D-4F65A9AA1DDA}.Debug|Any CPU.ActiveCfg = Debug|Any CPU
		{52367DF5-EBC0-4CE2-A52D-4F65A9AA1DDA}.Debug|Any CPU.Build.0 = Debug|Any CPU
		{52367DF5-EBC0-4CE2-A52D-4F65A9AA1DDA}.Release|Any CPU.ActiveCfg = Release|Any CPU
		{52367DF5-EBC0-4CE2-A52D-4F65A9AA1DDA}.Release|Any CPU.Build.0 = Release|Any CPU
		{D3FB65CE-E760-493D-804C-C7735E41424F}.Debug|Any CPU.ActiveCfg = Debug|Any CPU
		{D3FB65CE-E760-493D-804C-C7735E41424F}.Debug|Any CPU.Build.0 = Debug|Any CPU
		{D3FB65CE-E760-493D-804C-C7735E41424F}.Release|Any CPU.ActiveCfg = Release|Any CPU
		{D3FB65CE-E760-493D-804C-C7735E41424F}.Release|Any CPU.Build.0 = Release|Any CPU
		{943EC85F-4669-4452-AEAD-53FF786E629F}.Debug|Any CPU.ActiveCfg = Debug|Any CPU
		{943EC85F-4669-4452-AEAD-53FF786E629F}.Debug|Any CPU.Build.0 = Debug|Any CPU
		{943EC85F-4669-4452-AEAD-53FF786E629F}.Release|Any CPU.ActiveCfg = Release|Any CPU
		{943EC85F-4669-4452-AEAD-53FF786E629F}.Release|Any CPU.Build.0 = Release|Any CPU
		{CF38C15D-89B8-48C6-9028-18A332B37A1B}.Debug|Any CPU.ActiveCfg = Debug|Any CPU
		{CF38C15D-89B8-48C6-9028-18A332B37A1B}.Debug|Any CPU.Build.0 = Debug|Any CPU
		{CF38C15D-89B8-48C6-9028-18A332B37A1B}.Release|Any CPU.ActiveCfg = Release|Any CPU
		{CF38C15D-89B8-48C6-9028-18A332B37A1B}.Release|Any CPU.Build.0 = Release|Any CPU
		{4FCAB9C9-7727-450B-AB5B-C9AEA2BEC023}.Debug|Any CPU.ActiveCfg = Debug|Any CPU
		{4FCAB9C9-7727-450B-AB5B-C9AEA2BEC023}.Release|Any CPU.ActiveCfg = Release|Any CPU
		{E0C43364-8446-47D2-A887-5267891106CE}.Debug|Any CPU.ActiveCfg = Debug|Any CPU
		{E0C43364-8446-47D2-A887-5267891106CE}.Debug|Any CPU.Build.0 = Debug|Any CPU
		{E0C43364-8446-47D2-A887-5267891106CE}.Release|Any CPU.ActiveCfg = Release|Any CPU
		{E0C43364-8446-47D2-A887-5267891106CE}.Release|Any CPU.Build.0 = Release|Any CPU
	EndGlobalSection
	GlobalSection(SolutionProperties) = preSolution
		HideSolutionNode = FALSE
	EndGlobalSection
	GlobalSection(NestedProjects) = preSolution
		{680BB8A0-5CDA-4B9B-B5F4-51E78EB7F329} = {766BF606-B5CB-4D86-9A46-497F8B2CCE22}
		{52367DF5-EBC0-4CE2-A52D-4F65A9AA1DDA} = {766BF606-B5CB-4D86-9A46-497F8B2CCE22}
		{943EC85F-4669-4452-AEAD-53FF786E629F} = {E74A8A66-07C0-444E-91DA-04A2CA077430}
		{CF38C15D-89B8-48C6-9028-18A332B37A1B} = {766BF606-B5CB-4D86-9A46-497F8B2CCE22}
	EndGlobalSection
	GlobalSection(ExtensibilityGlobals) = postSolution
		SolutionGuid = {B1D0D492-7D14-450A-82BF-4483B63FE10E}
	EndGlobalSection
EndGlobal
