
Microsoft Visual Studio Solution File, Format Version 12.00
# Visual Studio Version 17
VisualStudioVersion = 17.0.31903.59
MinimumVisualStudioVersion = 10.0.40219.1
Project("{9A19103F-16F7-4668-BE54-9A1E7A4F7556}") = "BudgetManager.ManagerWeb", "ManagerWeb\BudgetManager.ManagerWeb.csproj", "{96D25EF8-05E5-4A26-8FB2-5E1F28E9B5F2}"
EndProject
Project("{9A19103F-16F7-4668-BE54-9A1E7A4F7556}") = "BudgetManager.TestingConsole", "TestingConsole\BudgetManager.TestingConsole.csproj", "{D3FB65CE-E760-493D-804C-C7735E41424F}"
EndProject
Project("{2150E333-8FDC-42A3-9474-1A3956D46DE8}") = "Db", "Db", "{766BF606-B5CB-4D86-9A46-497F8B2CCE22}"
EndProject
Project("{2150E333-8FDC-42A3-9474-1A3956D46DE8}") = "WebApi", "WebApi", "{E74A8A66-07C0-444E-91DA-04A2CA077430}"
EndProject
Project("{9A19103F-16F7-4668-BE54-9A1E7A4F7556}") = "BudgetManager.Core", "BudgetManager.Core\BudgetManager.Core.csproj", "{E0C43364-8446-47D2-A887-5267891106CE}"
EndProject
Project("{2150E333-8FDC-42A3-9474-1A3956D46DE8}") = "Core", "Core", "{54814E60-332C-469F-888D-43E468D61D7B}"
EndProject
Project("{2150E333-8FDC-42A3-9474-1A3956D46DE8}") = "Mining", "Mining", "{EB89D496-6A94-4DCC-BCF7-6BE25DE46C09}"
EndProject
Project("{9A19103F-16F7-4668-BE54-9A1E7A4F7556}") = "BudgetManager.Api", "BudgetManager.Api\BudgetManager.Api.csproj", "{D9761966-DB85-4D41-B50E-5E0D8A4C865B}"
EndProject
Project("{9A19103F-16F7-4668-BE54-9A1E7A4F7556}") = "BudgetManager.Domain", "BudgetManager.Domain\BudgetManager.Domain.csproj", "{049E6B37-254E-462E-8E19-E8FAE87384C9}"
EndProject
Project("{9A19103F-16F7-4668-BE54-9A1E7A4F7556}") = "BudgetManager.Services", "BudgetManager.Services\BudgetManager.Services.csproj", "{E6277191-B73B-4BDC-A7E7-1B1ED443B89C}"
EndProject
Project("{9A19103F-16F7-4668-BE54-9A1E7A4F7556}") = "BudgetManager.Services.Contracts", "BudgetManager.Services.Contracts\BudgetManager.Services.Contracts.csproj", "{7D7656C3-1493-4DA5-A281-C7A435E4E33E}"
EndProject
Project("{9A19103F-16F7-4668-BE54-9A1E7A4F7556}") = "BudgetManager.AuthApi", "BudgetManager.AuthApi\BudgetManager.AuthApi.csproj", "{E832E265-D8A1-4DEB-9374-3474789F204E}"
EndProject
Project("{9A19103F-16F7-4668-BE54-9A1E7A4F7556}") = "BudgetManager.Data", "BudgetManager.Data\BudgetManager.Data.csproj", "{CAF85A90-792D-4BA7-801F-6116ECD839DF}"
EndProject
Project("{9A19103F-16F7-4668-BE54-9A1E7A4F7556}") = "BudgetManager.Repository", "BudgetManager.Repositories\BudgetManager.Repository.csproj", "{5AFFDBB5-AC29-4B2C-8359-FBADED15722A}"
EndProject
Project("{9A19103F-16F7-4668-BE54-9A1E7A4F7556}") = "BudgetManager.InfluxDbData", "BudgetManager.InfluxDbData\BudgetManager.InfluxDbData.csproj", "{71B6F282-991B-4B0A-85B1-AA13BA9AE128}"
EndProject
Project("{9A19103F-16F7-4668-BE54-9A1E7A4F7556}") = "BudgetManager.FinanceDataMining", "BudgetManager.InvestmentIntegrationApi\BudgetManager.FinanceDataMining.csproj", "{386175CB-7603-4E14-BAFB-9C8B47E51A74}"
EndProject
Project("{888888A0-9F3D-457C-B088-3A5042F75D52}") = "BudgetManager.WebScrapers", "BudgetManager.WebScrapers\BudgetManager.WebScrapers.pyproj", "{4FCAB9C9-7727-450B-AB5B-C9AEA2BEC023}"
EndProject
Project("{9A19103F-16F7-4668-BE54-9A1E7A4F7556}") = "BudgetManager.WebCore", "BudgetManager.WebCore\BudgetManager.WebCore.csproj", "{37A3B825-73AF-47C2-B2A7-0E78EE57DCD1}"
EndProject
Project("{9A19103F-16F7-4668-BE54-9A1E7A4F7556}") = "BudgetManager.FinancialApi", "BudgetManager.FinancialApi\BudgetManager.FinancialApi.csproj", "{DC94A553-BC79-42F6-AA8B-B41474812CA4}"
EndProject
Project("{2150E333-8FDC-42A3-9474-1A3956D46DE8}") = "Clients", "Clients", "{BFB48207-D936-4B7C-8BF4-C7C2DD8EF557}"
EndProject
Project("{FAE04EC0-301F-11D3-BF4B-00C04F79EFBC}") = "FinancialApiClient", "BudgetManager.Clients\FinancialApiClient\FinancialApiClient.csproj", "{065EB94D-AFE2-49C5-B788-8A5D5D52A99C}"
EndProject
Global
	GlobalSection(SolutionConfigurationPlatforms) = preSolution
		Debug|Any CPU = Debug|Any CPU
		Release|Any CPU = Release|Any CPU
	EndGlobalSection
	GlobalSection(ProjectConfigurationPlatforms) = postSolution
		{96D25EF8-05E5-4A26-8FB2-5E1F28E9B5F2}.Debug|Any CPU.ActiveCfg = Debug|Any CPU
		{96D25EF8-05E5-4A26-8FB2-5E1F28E9B5F2}.Debug|Any CPU.Build.0 = Debug|Any CPU
		{96D25EF8-05E5-4A26-8FB2-5E1F28E9B5F2}.Release|Any CPU.ActiveCfg = Release|Any CPU
		{96D25EF8-05E5-4A26-8FB2-5E1F28E9B5F2}.Release|Any CPU.Build.0 = Release|Any CPU
		{D3FB65CE-E760-493D-804C-C7735E41424F}.Debug|Any CPU.ActiveCfg = Debug|Any CPU
		{D3FB65CE-E760-493D-804C-C7735E41424F}.Debug|Any CPU.Build.0 = Debug|Any CPU
		{D3FB65CE-E760-493D-804C-C7735E41424F}.Release|Any CPU.ActiveCfg = Release|Any CPU
		{D3FB65CE-E760-493D-804C-C7735E41424F}.Release|Any CPU.Build.0 = Release|Any CPU
		{E0C43364-8446-47D2-A887-5267891106CE}.Debug|Any CPU.ActiveCfg = Debug|Any CPU
		{E0C43364-8446-47D2-A887-5267891106CE}.Debug|Any CPU.Build.0 = Debug|Any CPU
		{E0C43364-8446-47D2-A887-5267891106CE}.Release|Any CPU.ActiveCfg = Release|Any CPU
		{E0C43364-8446-47D2-A887-5267891106CE}.Release|Any CPU.Build.0 = Release|Any CPU
		{D9761966-DB85-4D41-B50E-5E0D8A4C865B}.Debug|Any CPU.ActiveCfg = Debug|Any CPU
		{D9761966-DB85-4D41-B50E-5E0D8A4C865B}.Debug|Any CPU.Build.0 = Debug|Any CPU
		{D9761966-DB85-4D41-B50E-5E0D8A4C865B}.Release|Any CPU.ActiveCfg = Release|Any CPU
		{D9761966-DB85-4D41-B50E-5E0D8A4C865B}.Release|Any CPU.Build.0 = Release|Any CPU
		{049E6B37-254E-462E-8E19-E8FAE87384C9}.Debug|Any CPU.ActiveCfg = Debug|Any CPU
		{049E6B37-254E-462E-8E19-E8FAE87384C9}.Debug|Any CPU.Build.0 = Debug|Any CPU
		{049E6B37-254E-462E-8E19-E8FAE87384C9}.Release|Any CPU.ActiveCfg = Release|Any CPU
		{049E6B37-254E-462E-8E19-E8FAE87384C9}.Release|Any CPU.Build.0 = Release|Any CPU
		{E6277191-B73B-4BDC-A7E7-1B1ED443B89C}.Debug|Any CPU.ActiveCfg = Debug|Any CPU
		{E6277191-B73B-4BDC-A7E7-1B1ED443B89C}.Debug|Any CPU.Build.0 = Debug|Any CPU
		{E6277191-B73B-4BDC-A7E7-1B1ED443B89C}.Release|Any CPU.ActiveCfg = Release|Any CPU
		{E6277191-B73B-4BDC-A7E7-1B1ED443B89C}.Release|Any CPU.Build.0 = Release|Any CPU
		{7D7656C3-1493-4DA5-A281-C7A435E4E33E}.Debug|Any CPU.ActiveCfg = Debug|Any CPU
		{7D7656C3-1493-4DA5-A281-C7A435E4E33E}.Debug|Any CPU.Build.0 = Debug|Any CPU
		{7D7656C3-1493-4DA5-A281-C7A435E4E33E}.Release|Any CPU.ActiveCfg = Release|Any CPU
		{7D7656C3-1493-4DA5-A281-C7A435E4E33E}.Release|Any CPU.Build.0 = Release|Any CPU
		{E832E265-D8A1-4DEB-9374-3474789F204E}.Debug|Any CPU.ActiveCfg = Debug|Any CPU
		{E832E265-D8A1-4DEB-9374-3474789F204E}.Debug|Any CPU.Build.0 = Debug|Any CPU
		{E832E265-D8A1-4DEB-9374-3474789F204E}.Release|Any CPU.ActiveCfg = Release|Any CPU
		{E832E265-D8A1-4DEB-9374-3474789F204E}.Release|Any CPU.Build.0 = Release|Any CPU
		{CAF85A90-792D-4BA7-801F-6116ECD839DF}.Debug|Any CPU.ActiveCfg = Debug|Any CPU
		{CAF85A90-792D-4BA7-801F-6116ECD839DF}.Debug|Any CPU.Build.0 = Debug|Any CPU
		{CAF85A90-792D-4BA7-801F-6116ECD839DF}.Release|Any CPU.ActiveCfg = Release|Any CPU
		{CAF85A90-792D-4BA7-801F-6116ECD839DF}.Release|Any CPU.Build.0 = Release|Any CPU
		{5AFFDBB5-AC29-4B2C-8359-FBADED15722A}.Debug|Any CPU.ActiveCfg = Debug|Any CPU
		{5AFFDBB5-AC29-4B2C-8359-FBADED15722A}.Debug|Any CPU.Build.0 = Debug|Any CPU
		{5AFFDBB5-AC29-4B2C-8359-FBADED15722A}.Release|Any CPU.ActiveCfg = Release|Any CPU
		{5AFFDBB5-AC29-4B2C-8359-FBADED15722A}.Release|Any CPU.Build.0 = Release|Any CPU
		{71B6F282-991B-4B0A-85B1-AA13BA9AE128}.Debug|Any CPU.ActiveCfg = Debug|Any CPU
		{71B6F282-991B-4B0A-85B1-AA13BA9AE128}.Debug|Any CPU.Build.0 = Debug|Any CPU
		{71B6F282-991B-4B0A-85B1-AA13BA9AE128}.Release|Any CPU.ActiveCfg = Release|Any CPU
		{71B6F282-991B-4B0A-85B1-AA13BA9AE128}.Release|Any CPU.Build.0 = Release|Any CPU
		{386175CB-7603-4E14-BAFB-9C8B47E51A74}.Debug|Any CPU.ActiveCfg = Debug|Any CPU
		{386175CB-7603-4E14-BAFB-9C8B47E51A74}.Debug|Any CPU.Build.0 = Debug|Any CPU
		{386175CB-7603-4E14-BAFB-9C8B47E51A74}.Release|Any CPU.ActiveCfg = Release|Any CPU
		{386175CB-7603-4E14-BAFB-9C8B47E51A74}.Release|Any CPU.Build.0 = Release|Any CPU
		{4FCAB9C9-7727-450B-AB5B-C9AEA2BEC023}.Debug|Any CPU.ActiveCfg = Debug|Any CPU
		{4FCAB9C9-7727-450B-AB5B-C9AEA2BEC023}.Release|Any CPU.ActiveCfg = Release|Any CPU
		{37A3B825-73AF-47C2-B2A7-0E78EE57DCD1}.Debug|Any CPU.ActiveCfg = Debug|Any CPU
		{37A3B825-73AF-47C2-B2A7-0E78EE57DCD1}.Debug|Any CPU.Build.0 = Debug|Any CPU
		{37A3B825-73AF-47C2-B2A7-0E78EE57DCD1}.Release|Any CPU.ActiveCfg = Release|Any CPU
		{37A3B825-73AF-47C2-B2A7-0E78EE57DCD1}.Release|Any CPU.Build.0 = Release|Any CPU
		{DC94A553-BC79-42F6-AA8B-B41474812CA4}.Debug|Any CPU.ActiveCfg = Debug|Any CPU
		{DC94A553-BC79-42F6-AA8B-B41474812CA4}.Debug|Any CPU.Build.0 = Debug|Any CPU
		{DC94A553-BC79-42F6-AA8B-B41474812CA4}.Release|Any CPU.ActiveCfg = Release|Any CPU
		{DC94A553-BC79-42F6-AA8B-B41474812CA4}.Release|Any CPU.Build.0 = Release|Any CPU
		{065EB94D-AFE2-49C5-B788-8A5D5D52A99C}.Debug|Any CPU.ActiveCfg = Debug|Any CPU
		{065EB94D-AFE2-49C5-B788-8A5D5D52A99C}.Debug|Any CPU.Build.0 = Debug|Any CPU
		{065EB94D-AFE2-49C5-B788-8A5D5D52A99C}.Release|Any CPU.ActiveCfg = Release|Any CPU
		{065EB94D-AFE2-49C5-B788-8A5D5D52A99C}.Release|Any CPU.Build.0 = Release|Any CPU
	EndGlobalSection
	GlobalSection(SolutionProperties) = preSolution
		HideSolutionNode = FALSE
	EndGlobalSection
	GlobalSection(NestedProjects) = preSolution
		{E0C43364-8446-47D2-A887-5267891106CE} = {54814E60-332C-469F-888D-43E468D61D7B}
		{049E6B37-254E-462E-8E19-E8FAE87384C9} = {54814E60-332C-469F-888D-43E468D61D7B}
		{E6277191-B73B-4BDC-A7E7-1B1ED443B89C} = {54814E60-332C-469F-888D-43E468D61D7B}
		{7D7656C3-1493-4DA5-A281-C7A435E4E33E} = {54814E60-332C-469F-888D-43E468D61D7B}
		{E832E265-D8A1-4DEB-9374-3474789F204E} = {E74A8A66-07C0-444E-91DA-04A2CA077430}
		{CAF85A90-792D-4BA7-801F-6116ECD839DF} = {766BF606-B5CB-4D86-9A46-497F8B2CCE22}
		{5AFFDBB5-AC29-4B2C-8359-FBADED15722A} = {766BF606-B5CB-4D86-9A46-497F8B2CCE22}
		{71B6F282-991B-4B0A-85B1-AA13BA9AE128} = {766BF606-B5CB-4D86-9A46-497F8B2CCE22}
		{386175CB-7603-4E14-BAFB-9C8B47E51A74} = {EB89D496-6A94-4DCC-BCF7-6BE25DE46C09}
		{4FCAB9C9-7727-450B-AB5B-C9AEA2BEC023} = {EB89D496-6A94-4DCC-BCF7-6BE25DE46C09}
		{37A3B825-73AF-47C2-B2A7-0E78EE57DCD1} = {54814E60-332C-469F-888D-43E468D61D7B}
		{DC94A553-BC79-42F6-AA8B-B41474812CA4} = {E74A8A66-07C0-444E-91DA-04A2CA077430}
		{065EB94D-AFE2-49C5-B788-8A5D5D52A99C} = {BFB48207-D936-4B7C-8BF4-C7C2DD8EF557}
	EndGlobalSection
	GlobalSection(ExtensibilityGlobals) = postSolution
		SolutionGuid = {B1D0D492-7D14-450A-82BF-4483B63FE10E}
	EndGlobalSection
EndGlobal
